
Microsoft Visual Studio Solution File, Format Version 12.00
# Visual Studio Version 16
VisualStudioVersion = 16.0.29411.138
MinimumVisualStudioVersion = 15.0.26124.0
Project("{2150E333-8FDC-42A3-9474-1A3956D46DE8}") = "src", "src", "{29FA16EA-9B1F-4001-8CC5-03677F052E78}"
	ProjectSection(SolutionItems) = preProject
		src\WebAssembly.Bindings\WebAssembly.Bindings.csproj = src\WebAssembly.Bindings\WebAssembly.Bindings.csproj
	EndProjectSection
EndProject
Project("{9A19103F-16F7-4668-BE54-9A1E7A4F7556}") = "PersonalSite", "src\PersonalSite\PersonalSite.csproj", "{02583024-D198-4932-A0A6-47A83D10D788}"
EndProject
Project("{9A19103F-16F7-4668-BE54-9A1E7A4F7556}") = "BlogEngine", "src\BlogEngine\BlogEngine.csproj", "{C5F9E95F-4BBE-410D-91E2-EB36AB560AF9}"
EndProject
Project("{2150E333-8FDC-42A3-9474-1A3956D46DE8}") = "tests", "tests", "{99100A6F-9358-4795-BC49-B4A8E23BE7C0}"
EndProject
Project("{9A19103F-16F7-4668-BE54-9A1E7A4F7556}") = "BlogEngine.Tests", "tests\BlogEngine.Tests\BlogEngine.Tests.csproj", "{1A54A191-5D45-4FA9-8223-43E869C4D6F1}"
EndProject
Project("{9A19103F-16F7-4668-BE54-9A1E7A4F7556}") = "WebAssembly.Bindings", "src\WebAssembly.Bindings\WebAssembly.Bindings.csproj", "{C5846A7C-C176-4CEE-A28B-DDCA2399D00D}"
EndProject
Global
	GlobalSection(SolutionConfigurationPlatforms) = preSolution
		Debug|Any CPU = Debug|Any CPU
		Debug|x64 = Debug|x64
		Debug|x86 = Debug|x86
		Release|Any CPU = Release|Any CPU
		Release|x64 = Release|x64
		Release|x86 = Release|x86
	EndGlobalSection
	GlobalSection(ProjectConfigurationPlatforms) = postSolution
		{02583024-D198-4932-A0A6-47A83D10D788}.Debug|Any CPU.ActiveCfg = Debug|Any CPU
		{02583024-D198-4932-A0A6-47A83D10D788}.Debug|Any CPU.Build.0 = Debug|Any CPU
		{02583024-D198-4932-A0A6-47A83D10D788}.Debug|x64.ActiveCfg = Debug|Any CPU
		{02583024-D198-4932-A0A6-47A83D10D788}.Debug|x64.Build.0 = Debug|Any CPU
		{02583024-D198-4932-A0A6-47A83D10D788}.Debug|x86.ActiveCfg = Debug|Any CPU
		{02583024-D198-4932-A0A6-47A83D10D788}.Debug|x86.Build.0 = Debug|Any CPU
		{02583024-D198-4932-A0A6-47A83D10D788}.Release|Any CPU.ActiveCfg = Release|Any CPU
		{02583024-D198-4932-A0A6-47A83D10D788}.Release|Any CPU.Build.0 = Release|Any CPU
		{02583024-D198-4932-A0A6-47A83D10D788}.Release|x64.ActiveCfg = Release|Any CPU
		{02583024-D198-4932-A0A6-47A83D10D788}.Release|x64.Build.0 = Release|Any CPU
		{02583024-D198-4932-A0A6-47A83D10D788}.Release|x86.ActiveCfg = Release|Any CPU
		{02583024-D198-4932-A0A6-47A83D10D788}.Release|x86.Build.0 = Release|Any CPU
		{C5F9E95F-4BBE-410D-91E2-EB36AB560AF9}.Debug|Any CPU.ActiveCfg = Debug|Any CPU
		{C5F9E95F-4BBE-410D-91E2-EB36AB560AF9}.Debug|Any CPU.Build.0 = Debug|Any CPU
		{C5F9E95F-4BBE-410D-91E2-EB36AB560AF9}.Debug|x64.ActiveCfg = Debug|Any CPU
		{C5F9E95F-4BBE-410D-91E2-EB36AB560AF9}.Debug|x64.Build.0 = Debug|Any CPU
		{C5F9E95F-4BBE-410D-91E2-EB36AB560AF9}.Debug|x86.ActiveCfg = Debug|Any CPU
		{C5F9E95F-4BBE-410D-91E2-EB36AB560AF9}.Debug|x86.Build.0 = Debug|Any CPU
		{C5F9E95F-4BBE-410D-91E2-EB36AB560AF9}.Release|Any CPU.ActiveCfg = Release|Any CPU
		{C5F9E95F-4BBE-410D-91E2-EB36AB560AF9}.Release|Any CPU.Build.0 = Release|Any CPU
		{C5F9E95F-4BBE-410D-91E2-EB36AB560AF9}.Release|x64.ActiveCfg = Release|Any CPU
		{C5F9E95F-4BBE-410D-91E2-EB36AB560AF9}.Release|x64.Build.0 = Release|Any CPU
		{C5F9E95F-4BBE-410D-91E2-EB36AB560AF9}.Release|x86.ActiveCfg = Release|Any CPU
		{C5F9E95F-4BBE-410D-91E2-EB36AB560AF9}.Release|x86.Build.0 = Release|Any CPU
		{1A54A191-5D45-4FA9-8223-43E869C4D6F1}.Debug|Any CPU.ActiveCfg = Debug|Any CPU
		{1A54A191-5D45-4FA9-8223-43E869C4D6F1}.Debug|Any CPU.Build.0 = Debug|Any CPU
		{1A54A191-5D45-4FA9-8223-43E869C4D6F1}.Debug|x64.ActiveCfg = Debug|Any CPU
		{1A54A191-5D45-4FA9-8223-43E869C4D6F1}.Debug|x64.Build.0 = Debug|Any CPU
		{1A54A191-5D45-4FA9-8223-43E869C4D6F1}.Debug|x86.ActiveCfg = Debug|Any CPU
		{1A54A191-5D45-4FA9-8223-43E869C4D6F1}.Debug|x86.Build.0 = Debug|Any CPU
		{1A54A191-5D45-4FA9-8223-43E869C4D6F1}.Release|Any CPU.ActiveCfg = Release|Any CPU
		{1A54A191-5D45-4FA9-8223-43E869C4D6F1}.Release|Any CPU.Build.0 = Release|Any CPU
		{1A54A191-5D45-4FA9-8223-43E869C4D6F1}.Release|x64.ActiveCfg = Release|Any CPU
		{1A54A191-5D45-4FA9-8223-43E869C4D6F1}.Release|x64.Build.0 = Release|Any CPU
		{1A54A191-5D45-4FA9-8223-43E869C4D6F1}.Release|x86.ActiveCfg = Release|Any CPU
		{1A54A191-5D45-4FA9-8223-43E869C4D6F1}.Release|x86.Build.0 = Release|Any CPU
		{C5846A7C-C176-4CEE-A28B-DDCA2399D00D}.Debug|Any CPU.ActiveCfg = Debug|Any CPU
		{C5846A7C-C176-4CEE-A28B-DDCA2399D00D}.Debug|Any CPU.Build.0 = Debug|Any CPU
		{C5846A7C-C176-4CEE-A28B-DDCA2399D00D}.Debug|x64.ActiveCfg = Debug|Any CPU
		{C5846A7C-C176-4CEE-A28B-DDCA2399D00D}.Debug|x64.Build.0 = Debug|Any CPU
		{C5846A7C-C176-4CEE-A28B-DDCA2399D00D}.Debug|x86.ActiveCfg = Debug|Any CPU
		{C5846A7C-C176-4CEE-A28B-DDCA2399D00D}.Debug|x86.Build.0 = Debug|Any CPU
		{C5846A7C-C176-4CEE-A28B-DDCA2399D00D}.Release|Any CPU.ActiveCfg = Release|Any CPU
		{C5846A7C-C176-4CEE-A28B-DDCA2399D00D}.Release|Any CPU.Build.0 = Release|Any CPU
		{C5846A7C-C176-4CEE-A28B-DDCA2399D00D}.Release|x64.ActiveCfg = Release|Any CPU
		{C5846A7C-C176-4CEE-A28B-DDCA2399D00D}.Release|x64.Build.0 = Release|Any CPU
		{C5846A7C-C176-4CEE-A28B-DDCA2399D00D}.Release|x86.ActiveCfg = Release|Any CPU
		{C5846A7C-C176-4CEE-A28B-DDCA2399D00D}.Release|x86.Build.0 = Release|Any CPU
	EndGlobalSection
	GlobalSection(SolutionProperties) = preSolution
		HideSolutionNode = FALSE
	EndGlobalSection
	GlobalSection(NestedProjects) = preSolution
		{02583024-D198-4932-A0A6-47A83D10D788} = {29FA16EA-9B1F-4001-8CC5-03677F052E78}
		{C5F9E95F-4BBE-410D-91E2-EB36AB560AF9} = {29FA16EA-9B1F-4001-8CC5-03677F052E78}
		{1A54A191-5D45-4FA9-8223-43E869C4D6F1} = {99100A6F-9358-4795-BC49-B4A8E23BE7C0}
		{C5846A7C-C176-4CEE-A28B-DDCA2399D00D} = {29FA16EA-9B1F-4001-8CC5-03677F052E78}
	EndGlobalSection
	GlobalSection(ExtensibilityGlobals) = postSolution
		SolutionGuid = {5AAB82EB-94C2-4DD5-B85C-687D6299C59E}
	EndGlobalSection
EndGlobal
